
Microsoft Visual Studio Solution File, Format Version 12.00
# Visual Studio Version 16
VisualStudioVersion = 16.0.30717.126
MinimumVisualStudioVersion = 10.0.40219.1
Project("{9A19103F-16F7-4668-BE54-9A1E7A4F7556}") = "AspNetCoreTodo", "AspNetCoreTodo\AspNetCoreTodo.csproj", "{1FA59366-F86E-4A7F-BD35-FC5A0050D86D}"
EndProject
Project("{9A19103F-16F7-4668-BE54-9A1E7A4F7556}") = "AspNetCoreTodo.UnitTests", "AspNetCoreTodo.UnitTests\AspNetCoreTodo.UnitTests.csproj", "{6F775D46-A9AD-4D9D-9033-B480893EBC98}"
EndProject
Project("{9A19103F-16F7-4668-BE54-9A1E7A4F7556}") = "AspNetCoreTodo.IntegrationTests", "AspNetCoreTodo.IntegrationTests\AspNetCoreTodo.IntegrationTests.csproj", "{7049AF86-B579-4914-8FEB-D0D9A846034D}"
EndProject
Global
	GlobalSection(SolutionConfigurationPlatforms) = preSolution
		Debug|Any CPU = Debug|Any CPU
		Release|Any CPU = Release|Any CPU
	EndGlobalSection
	GlobalSection(ProjectConfigurationPlatforms) = postSolution
		{1FA59366-F86E-4A7F-BD35-FC5A0050D86D}.Debug|Any CPU.ActiveCfg = Debug|Any CPU
		{1FA59366-F86E-4A7F-BD35-FC5A0050D86D}.Debug|Any CPU.Build.0 = Debug|Any CPU
		{1FA59366-F86E-4A7F-BD35-FC5A0050D86D}.Release|Any CPU.ActiveCfg = Release|Any CPU
		{1FA59366-F86E-4A7F-BD35-FC5A0050D86D}.Release|Any CPU.Build.0 = Release|Any CPU
		{6F775D46-A9AD-4D9D-9033-B480893EBC98}.Debug|Any CPU.ActiveCfg = Debug|Any CPU
		{6F775D46-A9AD-4D9D-9033-B480893EBC98}.Debug|Any CPU.Build.0 = Debug|Any CPU
		{6F775D46-A9AD-4D9D-9033-B480893EBC98}.Release|Any CPU.ActiveCfg = Release|Any CPU
		{6F775D46-A9AD-4D9D-9033-B480893EBC98}.Release|Any CPU.Build.0 = Release|Any CPU
		{7049AF86-B579-4914-8FEB-D0D9A846034D}.Debug|Any CPU.ActiveCfg = Debug|Any CPU
		{7049AF86-B579-4914-8FEB-D0D9A846034D}.Debug|Any CPU.Build.0 = Debug|Any CPU
		{7049AF86-B579-4914-8FEB-D0D9A846034D}.Release|Any CPU.ActiveCfg = Release|Any CPU
		{7049AF86-B579-4914-8FEB-D0D9A846034D}.Release|Any CPU.Build.0 = Release|Any CPU
	EndGlobalSection
	GlobalSection(SolutionProperties) = preSolution
		HideSolutionNode = FALSE
	EndGlobalSection
	GlobalSection(ExtensibilityGlobals) = postSolution
		SolutionGuid = {4B2E7A83-AFFE-4766-81F3-6FF98ED0AAF0}
	EndGlobalSection
EndGlobal
